
Microsoft Visual Studio Solution File, Format Version 12.00
# Visual Studio Version 16
VisualStudioVersion = 16.0.30413.136
MinimumVisualStudioVersion = 10.0.40219.1
Project("{FAE04EC0-301F-11D3-BF4B-00C04F79EFBC}") = "Report.API", "Report.API\Report.API.csproj", "{85C0CC78-EA22-4D4D-9E7C-A49312901BA3}"
EndProject
Project("{FAE04EC0-301F-11D3-BF4B-00C04F79EFBC}") = "Report.Data", "Report.Data\Report.Data.csproj", "{E60B2A7B-A416-4DE6-988B-2D34B08B86E1}"
EndProject
Project("{FAE04EC0-301F-11D3-BF4B-00C04F79EFBC}") = "Report.Repository", "Report.Repository\Report.Repository.csproj", "{A614085A-8C0A-4BA8-9395-ECC926F76977}"
EndProject
Global
	GlobalSection(SolutionConfigurationPlatforms) = preSolution
		Debug|Any CPU = Debug|Any CPU
		Release|Any CPU = Release|Any CPU
	EndGlobalSection
	GlobalSection(ProjectConfigurationPlatforms) = postSolution
		{85C0CC78-EA22-4D4D-9E7C-A49312901BA3}.Debug|Any CPU.ActiveCfg = Debug|Any CPU
		{85C0CC78-EA22-4D4D-9E7C-A49312901BA3}.Debug|Any CPU.Build.0 = Debug|Any CPU
		{85C0CC78-EA22-4D4D-9E7C-A49312901BA3}.Release|Any CPU.ActiveCfg = Release|Any CPU
		{85C0CC78-EA22-4D4D-9E7C-A49312901BA3}.Release|Any CPU.Build.0 = Release|Any CPU
		{E60B2A7B-A416-4DE6-988B-2D34B08B86E1}.Debug|Any CPU.ActiveCfg = Debug|Any CPU
		{E60B2A7B-A416-4DE6-988B-2D34B08B86E1}.Debug|Any CPU.Build.0 = Debug|Any CPU
		{E60B2A7B-A416-4DE6-988B-2D34B08B86E1}.Release|Any CPU.ActiveCfg = Release|Any CPU
		{E60B2A7B-A416-4DE6-988B-2D34B08B86E1}.Release|Any CPU.Build.0 = Release|Any CPU
		{A614085A-8C0A-4BA8-9395-ECC926F76977}.Debug|Any CPU.ActiveCfg = Debug|Any CPU
		{A614085A-8C0A-4BA8-9395-ECC926F76977}.Debug|Any CPU.Build.0 = Debug|Any CPU
		{A614085A-8C0A-4BA8-9395-ECC926F76977}.Release|Any CPU.ActiveCfg = Release|Any CPU
		{A614085A-8C0A-4BA8-9395-ECC926F76977}.Release|Any CPU.Build.0 = Release|Any CPU
	EndGlobalSection
	GlobalSection(SolutionProperties) = preSolution
		HideSolutionNode = FALSE
	EndGlobalSection
	GlobalSection(ExtensibilityGlobals) = postSolution
		SolutionGuid = {5F33DA3A-B4A0-4478-B77F-7EA0D55BCB06}
	EndGlobalSection
EndGlobal
