
Microsoft Visual Studio Solution File, Format Version 12.00
# Visual Studio Version 16
VisualStudioVersion = 16.0.30413.136
MinimumVisualStudioVersion = 10.0.40219.1
Project("{9A19103F-16F7-4668-BE54-9A1E7A4F7556}") = "Report.API", "Report.API\Report.API.csproj", "{85C0CC78-EA22-4D4D-9E7C-A49312901BA3}"
EndProject
Project("{9A19103F-16F7-4668-BE54-9A1E7A4F7556}") = "Report.Repository", "Report.Repository\Report.Repository.csproj", "{A614085A-8C0A-4BA8-9395-ECC926F76977}"
EndProject
Project("{FAE04EC0-301F-11D3-BF4B-00C04F79EFBC}") = "Report.Service", "Report.Service\Report.Service.csproj", "{07552E65-5894-40A8-8964-C254D2800FD1}"
EndProject
Project("{FAE04EC0-301F-11D3-BF4B-00C04F79EFBC}") = "Report.Web", "Report.Web\Report.Web.csproj", "{1F936CCB-D5BE-4D98-912D-570F145975E1}"
EndProject
Project("{FAE04EC0-301F-11D3-BF4B-00C04F79EFBC}") = "Report.Model", "Report.Model\Report.Model.csproj", "{DC239AC8-F9E1-4FCF-8BBC-00D945B62394}"
EndProject
Global
	GlobalSection(SolutionConfigurationPlatforms) = preSolution
		Debug|Any CPU = Debug|Any CPU
		Release|Any CPU = Release|Any CPU
	EndGlobalSection
	GlobalSection(ProjectConfigurationPlatforms) = postSolution
		{85C0CC78-EA22-4D4D-9E7C-A49312901BA3}.Debug|Any CPU.ActiveCfg = Debug|Any CPU
		{85C0CC78-EA22-4D4D-9E7C-A49312901BA3}.Debug|Any CPU.Build.0 = Debug|Any CPU
		{85C0CC78-EA22-4D4D-9E7C-A49312901BA3}.Release|Any CPU.ActiveCfg = Release|Any CPU
		{85C0CC78-EA22-4D4D-9E7C-A49312901BA3}.Release|Any CPU.Build.0 = Release|Any CPU
		{A614085A-8C0A-4BA8-9395-ECC926F76977}.Debug|Any CPU.ActiveCfg = Debug|Any CPU
		{A614085A-8C0A-4BA8-9395-ECC926F76977}.Debug|Any CPU.Build.0 = Debug|Any CPU
		{A614085A-8C0A-4BA8-9395-ECC926F76977}.Release|Any CPU.ActiveCfg = Release|Any CPU
		{A614085A-8C0A-4BA8-9395-ECC926F76977}.Release|Any CPU.Build.0 = Release|Any CPU
		{07552E65-5894-40A8-8964-C254D2800FD1}.Debug|Any CPU.ActiveCfg = Debug|Any CPU
		{07552E65-5894-40A8-8964-C254D2800FD1}.Debug|Any CPU.Build.0 = Debug|Any CPU
		{07552E65-5894-40A8-8964-C254D2800FD1}.Release|Any CPU.ActiveCfg = Release|Any CPU
		{07552E65-5894-40A8-8964-C254D2800FD1}.Release|Any CPU.Build.0 = Release|Any CPU
		{1F936CCB-D5BE-4D98-912D-570F145975E1}.Debug|Any CPU.ActiveCfg = Debug|Any CPU
		{1F936CCB-D5BE-4D98-912D-570F145975E1}.Debug|Any CPU.Build.0 = Debug|Any CPU
		{1F936CCB-D5BE-4D98-912D-570F145975E1}.Release|Any CPU.ActiveCfg = Release|Any CPU
		{1F936CCB-D5BE-4D98-912D-570F145975E1}.Release|Any CPU.Build.0 = Release|Any CPU
		{DC239AC8-F9E1-4FCF-8BBC-00D945B62394}.Debug|Any CPU.ActiveCfg = Debug|Any CPU
		{DC239AC8-F9E1-4FCF-8BBC-00D945B62394}.Debug|Any CPU.Build.0 = Debug|Any CPU
		{DC239AC8-F9E1-4FCF-8BBC-00D945B62394}.Release|Any CPU.ActiveCfg = Release|Any CPU
		{DC239AC8-F9E1-4FCF-8BBC-00D945B62394}.Release|Any CPU.Build.0 = Release|Any CPU
	EndGlobalSection
	GlobalSection(SolutionProperties) = preSolution
		HideSolutionNode = FALSE
	EndGlobalSection
	GlobalSection(ExtensibilityGlobals) = postSolution
		SolutionGuid = {5F33DA3A-B4A0-4478-B77F-7EA0D55BCB06}
	EndGlobalSection
EndGlobal
